
Microsoft Visual Studio Solution File, Format Version 12.00
# Visual Studio Version 16
VisualStudioVersion = 16.0.32106.194
MinimumVisualStudioVersion = 10.0.40219.1
Project("{9A19103F-16F7-4668-BE54-9A1E7A4F7556}") = "TikoTask.API", "TikoTask.API\TikoTask.API.csproj", "{28920282-26A0-43E1-A148-8703B896A402}"
EndProject
Project("{9A19103F-16F7-4668-BE54-9A1E7A4F7556}") = "TikoTask.Data", "TikoTask.Data\TikoTask.Data.csproj", "{BCBA7FFC-11C3-462C-BCCA-9B28491D55F7}"
EndProject
Project("{FAE04EC0-301F-11D3-BF4B-00C04F79EFBC}") = "TikoTask.Business", "TikoTask.Business\TikoTask.Business.csproj", "{E027F1CF-96EA-46D7-A6DA-8ADF5B9D11E1}"
EndProject
Global
	GlobalSection(SolutionConfigurationPlatforms) = preSolution
		Debug|Any CPU = Debug|Any CPU
		Release|Any CPU = Release|Any CPU
	EndGlobalSection
	GlobalSection(ProjectConfigurationPlatforms) = postSolution
		{28920282-26A0-43E1-A148-8703B896A402}.Debug|Any CPU.ActiveCfg = Debug|Any CPU
		{28920282-26A0-43E1-A148-8703B896A402}.Debug|Any CPU.Build.0 = Debug|Any CPU
		{28920282-26A0-43E1-A148-8703B896A402}.Release|Any CPU.ActiveCfg = Release|Any CPU
		{28920282-26A0-43E1-A148-8703B896A402}.Release|Any CPU.Build.0 = Release|Any CPU
		{BCBA7FFC-11C3-462C-BCCA-9B28491D55F7}.Debug|Any CPU.ActiveCfg = Debug|Any CPU
		{BCBA7FFC-11C3-462C-BCCA-9B28491D55F7}.Debug|Any CPU.Build.0 = Debug|Any CPU
		{BCBA7FFC-11C3-462C-BCCA-9B28491D55F7}.Release|Any CPU.ActiveCfg = Release|Any CPU
		{BCBA7FFC-11C3-462C-BCCA-9B28491D55F7}.Release|Any CPU.Build.0 = Release|Any CPU
		{E027F1CF-96EA-46D7-A6DA-8ADF5B9D11E1}.Debug|Any CPU.ActiveCfg = Debug|Any CPU
		{E027F1CF-96EA-46D7-A6DA-8ADF5B9D11E1}.Debug|Any CPU.Build.0 = Debug|Any CPU
		{E027F1CF-96EA-46D7-A6DA-8ADF5B9D11E1}.Release|Any CPU.ActiveCfg = Release|Any CPU
		{E027F1CF-96EA-46D7-A6DA-8ADF5B9D11E1}.Release|Any CPU.Build.0 = Release|Any CPU
	EndGlobalSection
	GlobalSection(SolutionProperties) = preSolution
		HideSolutionNode = FALSE
	EndGlobalSection
	GlobalSection(ExtensibilityGlobals) = postSolution
		SolutionGuid = {64E092E7-49D0-4884-9D6A-E0D587CED482}
	EndGlobalSection
EndGlobal
